
Microsoft Visual Studio Solution File, Format Version 12.00
# Visual Studio Version 17
VisualStudioVersion = 17.4.33213.308
MinimumVisualStudioVersion = 10.0.40219.1
Project("{FAE04EC0-301F-11D3-BF4B-00C04F79EFBC}") = "Pitagoraszi_szamharmas", "Pitagoraszi_szamharmas\Pitagoraszi_szamharmas.csproj", "{7143703B-FEF5-438C-8445-4FEEA5C78F2A}"
EndProject
Project("{FAE04EC0-301F-11D3-BF4B-00C04F79EFBC}") = "Pitagoraszi_szamharmasTests", "Pitagoraszi_szamharmasTests\Pitagoraszi_szamharmasTests.csproj", "{B02FA08D-A51D-40EE-8DA4-87E2B98DF42D}"
EndProject
Global
	GlobalSection(SolutionConfigurationPlatforms) = preSolution
		Debug|Any CPU = Debug|Any CPU
		Release|Any CPU = Release|Any CPU
	EndGlobalSection
	GlobalSection(ProjectConfigurationPlatforms) = postSolution
		{7143703B-FEF5-438C-8445-4FEEA5C78F2A}.Debug|Any CPU.ActiveCfg = Debug|Any CPU
		{7143703B-FEF5-438C-8445-4FEEA5C78F2A}.Debug|Any CPU.Build.0 = Debug|Any CPU
		{7143703B-FEF5-438C-8445-4FEEA5C78F2A}.Release|Any CPU.ActiveCfg = Release|Any CPU
		{7143703B-FEF5-438C-8445-4FEEA5C78F2A}.Release|Any CPU.Build.0 = Release|Any CPU
		{B02FA08D-A51D-40EE-8DA4-87E2B98DF42D}.Debug|Any CPU.ActiveCfg = Debug|Any CPU
		{B02FA08D-A51D-40EE-8DA4-87E2B98DF42D}.Debug|Any CPU.Build.0 = Debug|Any CPU
		{B02FA08D-A51D-40EE-8DA4-87E2B98DF42D}.Release|Any CPU.ActiveCfg = Release|Any CPU
		{B02FA08D-A51D-40EE-8DA4-87E2B98DF42D}.Release|Any CPU.Build.0 = Release|Any CPU
	EndGlobalSection
	GlobalSection(SolutionProperties) = preSolution
		HideSolutionNode = FALSE
	EndGlobalSection
	GlobalSection(ExtensibilityGlobals) = postSolution
		SolutionGuid = {FC42BB5E-8B11-4D3C-9CC6-6E30B4FFF9DE}
	EndGlobalSection
EndGlobal
